{
  "name": "claudex-codex",
  "version": "1.4.5",
  "lockfileVersion": 3,
  "requires": true,
  "packages": {
    "": {
      "name": "claudex-codex",
      "version": "1.4.5",
      "license": "MIT",
      "bin": {
        "claudex": "bin/claudex-package.mjs"
      },
      "engines": {
        "node": ">=18"
      }
    }
  }
}
